
Microsoft Visual Studio Solution File, Format Version 12.00
# Visual Studio Version 16
VisualStudioVersion = 16.0.31005.135
MinimumVisualStudioVersion = 10.0.40219.1
Project("{FAE04EC0-301F-11D3-BF4B-00C04F79EFBC}") = "Shorts Street", "Shorts Street\Shorts Street.csproj", "{C1472136-1252-4655-8EEF-E144B71BBA26}"
EndProject
Project("{FAE04EC0-301F-11D3-BF4B-00C04F79EFBC}") = "Short Street_Test", "Short Street_Test\Short Street_Test.csproj", "{DE04721A-A2E7-46BA-B6CF-15588B2FE177}"
EndProject
Global
	GlobalSection(SolutionConfigurationPlatforms) = preSolution
		Debug|Any CPU = Debug|Any CPU
		Release|Any CPU = Release|Any CPU
	EndGlobalSection
	GlobalSection(ProjectConfigurationPlatforms) = postSolution
		{C1472136-1252-4655-8EEF-E144B71BBA26}.Debug|Any CPU.ActiveCfg = Debug|Any CPU
		{C1472136-1252-4655-8EEF-E144B71BBA26}.Debug|Any CPU.Build.0 = Debug|Any CPU
		{C1472136-1252-4655-8EEF-E144B71BBA26}.Release|Any CPU.ActiveCfg = Release|Any CPU
		{C1472136-1252-4655-8EEF-E144B71BBA26}.Release|Any CPU.Build.0 = Release|Any CPU
		{DE04721A-A2E7-46BA-B6CF-15588B2FE177}.Debug|Any CPU.ActiveCfg = Debug|Any CPU
		{DE04721A-A2E7-46BA-B6CF-15588B2FE177}.Debug|Any CPU.Build.0 = Debug|Any CPU
		{DE04721A-A2E7-46BA-B6CF-15588B2FE177}.Release|Any CPU.ActiveCfg = Release|Any CPU
		{DE04721A-A2E7-46BA-B6CF-15588B2FE177}.Release|Any CPU.Build.0 = Release|Any CPU
	EndGlobalSection
	GlobalSection(SolutionProperties) = preSolution
		HideSolutionNode = FALSE
	EndGlobalSection
	GlobalSection(ExtensibilityGlobals) = postSolution
		SolutionGuid = {BE08078E-71FA-4081-B02F-F96FE4C37D33}
	EndGlobalSection
EndGlobal
