
Microsoft Visual Studio Solution File, Format Version 12.00
# Visual Studio Version 16
VisualStudioVersion = 16.0.31019.35
MinimumVisualStudioVersion = 10.0.40219.1
Project("{FAE04EC0-301F-11D3-BF4B-00C04F79EFBC}") = "pcto creazione dati", "pcto creazione dati\pcto creazione dati.csproj", "{38771605-E3F9-4447-88F1-DDA88E7C8101}"
EndProject
Global
	GlobalSection(SolutionConfigurationPlatforms) = preSolution
		Debug|Any CPU = Debug|Any CPU
		Release|Any CPU = Release|Any CPU
	EndGlobalSection
	GlobalSection(ProjectConfigurationPlatforms) = postSolution
		{38771605-E3F9-4447-88F1-DDA88E7C8101}.Debug|Any CPU.ActiveCfg = Debug|Any CPU
		{38771605-E3F9-4447-88F1-DDA88E7C8101}.Debug|Any CPU.Build.0 = Debug|Any CPU
		{38771605-E3F9-4447-88F1-DDA88E7C8101}.Release|Any CPU.ActiveCfg = Release|Any CPU
		{38771605-E3F9-4447-88F1-DDA88E7C8101}.Release|Any CPU.Build.0 = Release|Any CPU
	EndGlobalSection
	GlobalSection(SolutionProperties) = preSolution
		HideSolutionNode = FALSE
	EndGlobalSection
	GlobalSection(ExtensibilityGlobals) = postSolution
		SolutionGuid = {4576B332-DCB7-4BAC-936C-E84324303A07}
	EndGlobalSection
EndGlobal
